
Microsoft Visual Studio Solution File, Format Version 12.00
# Visual Studio Version 16
VisualStudioVersion = 16.0.30114.105
MinimumVisualStudioVersion = 10.0.40219.1
Project("{9A19103F-16F7-4668-BE54-9A1E7A4F7556}") = "xLiAd.DiagnosticLogCenter", "xLiAd.DiagnosticLogCenter\xLiAd.DiagnosticLogCenter.csproj", "{BA5A0FCF-0D14-4852-8C3D-CBB9C143081C}"
EndProject
Project("{9A19103F-16F7-4668-BE54-9A1E7A4F7556}") = "xLiAd.DiagnosticLogCenter.Agent", "xLiAd.DiagnosticLogCenter.Agent\xLiAd.DiagnosticLogCenter.Agent.csproj", "{BB44ED9B-4C13-4255-B995-75557E9213E2}"
EndProject
Project("{9A19103F-16F7-4668-BE54-9A1E7A4F7556}") = "xLiAd.DiagnosticLogCenter.Abstract", "xLiAd.DiagnosticLogCenter.Abstract\xLiAd.DiagnosticLogCenter.Abstract.csproj", "{FC9DD88E-813D-4968-AA35-90A74AAA3DBC}"
EndProject
Project("{9A19103F-16F7-4668-BE54-9A1E7A4F7556}") = "xLiAd.DiagnosticLogCenter.CollectServer", "xLiAd.DiagnosticLogCenter.CollectServer\xLiAd.DiagnosticLogCenter.CollectServer.csproj", "{DCBC3146-2E4F-4C1D-9F4B-6462628B5D8D}"
EndProject
Project("{2150E333-8FDC-42A3-9474-1A3956D46DE8}") = "Sample", "Sample", "{92141009-739B-4CD1-B5F4-2ACF5A761E5E}"
EndProject
Project("{9A19103F-16F7-4668-BE54-9A1E7A4F7556}") = "xLiAd.DiagnosticLogCenter.SampleAspNetCore", "xLiAd.DiagnosticLogCenter.SampleAspNetCore\xLiAd.DiagnosticLogCenter.SampleAspNetCore.csproj", "{3523A740-0607-4FB4-AF79-BEF3FC592193}"
EndProject
Project("{9A19103F-16F7-4668-BE54-9A1E7A4F7556}") = "xLiAd.DiagnosticLogCenter.UserInterface", "xLiAd.DiagnosticLogCenter.UserInterface\xLiAd.DiagnosticLogCenter.UserInterface.csproj", "{09EC46A7-912E-490D-BDC5-6507173C3A0C}"
EndProject
Project("{9A19103F-16F7-4668-BE54-9A1E7A4F7556}") = "xLiAd.DiagnosticLogCenter.SampleFulluseAspNetCore", "xLiAd.DiagnosticLogCenter.SampleFulluseAspNetCore\xLiAd.DiagnosticLogCenter.SampleFulluseAspNetCore.csproj", "{51D7C0E2-E4D3-408D-9F0A-9C34F0AA3654}"
EndProject
Project("{9A19103F-16F7-4668-BE54-9A1E7A4F7556}") = "xLiAd.DiagnosticLogCenter.SampleAspNet5", "xLiAd.DiagnosticLogCenter.SampleAspNet5\xLiAd.DiagnosticLogCenter.SampleAspNet5.csproj", "{B8B1E736-DA55-49BD-B3DB-20E60C805302}"
EndProject
Project("{9A19103F-16F7-4668-BE54-9A1E7A4F7556}") = "xLiAd.DiagnosticLogCenter.CollectServerByEs", "xLiAd.DiagnosticLogCenter.CollectServerByEs\xLiAd.DiagnosticLogCenter.CollectServerByEs.csproj", "{0A642F13-DEDA-4E2C-8CF3-4AC188CD081D}"
EndProject
Project("{9A19103F-16F7-4668-BE54-9A1E7A4F7556}") = "xLiAd.DiagnosticLogCenter.UserInterfaceByEs", "xLiAd.DiagnosticLogCenter.UserInterfaceByEs\xLiAd.DiagnosticLogCenter.UserInterfaceByEs.csproj", "{40B8759D-66E0-41CC-A8F7-2D3C61ED000D}"
EndProject
Project("{9A19103F-16F7-4668-BE54-9A1E7A4F7556}") = "xLiAd.DiagnosticLogCenter.CollectServerBoth", "xLiAd.DiagnosticLogCenter.CollectServerBoth\xLiAd.DiagnosticLogCenter.CollectServerBoth.csproj", "{7FEF6D79-DE5A-41F0-8D8A-6FBB1B9F58A5}"
EndProject
Project("{9A19103F-16F7-4668-BE54-9A1E7A4F7556}") = "xLiAd.DiagnosticLogCenter.UserInterfaceBoth", "xLiAd.DiagnosticLogCenter.UserInterfaceBoth\xLiAd.DiagnosticLogCenter.UserInterfaceBoth.csproj", "{0DDCE921-2C91-41BA-955A-0F16FF2319E7}"
EndProject
Project("{2150E333-8FDC-42A3-9474-1A3956D46DE8}") = "ExportService", "ExportService", "{43B27A14-B1BC-4F4A-8E1F-8C34C3AF8C57}"
EndProject
Project("{FAE04EC0-301F-11D3-BF4B-00C04F79EFBC}") = "xLiAd.DiagnosticLogCenter.DbExportCore", "xLiAd.DiagnosticLogCenter.DbExportCore\xLiAd.DiagnosticLogCenter.DbExportCore.csproj", "{0BF8944C-69FA-4E39-A689-39657D83DD95}"
EndProject
Project("{FAE04EC0-301F-11D3-BF4B-00C04F79EFBC}") = "xLiAd.DiagnosticeLogCenter.DbExportCore.Test", "xLiAd.DiagnosticeLogCenter.DbExportCore.Test\xLiAd.DiagnosticeLogCenter.DbExportCore.Test.csproj", "{2D8F98F7-3FC8-4ED5-A60F-4CECFBECF436}"
EndProject
Global
	GlobalSection(SolutionConfigurationPlatforms) = preSolution
		Debug|Any CPU = Debug|Any CPU
		Release|Any CPU = Release|Any CPU
	EndGlobalSection
	GlobalSection(ProjectConfigurationPlatforms) = postSolution
		{BA5A0FCF-0D14-4852-8C3D-CBB9C143081C}.Debug|Any CPU.ActiveCfg = Debug|Any CPU
		{BA5A0FCF-0D14-4852-8C3D-CBB9C143081C}.Debug|Any CPU.Build.0 = Debug|Any CPU
		{BA5A0FCF-0D14-4852-8C3D-CBB9C143081C}.Release|Any CPU.ActiveCfg = Release|Any CPU
		{BA5A0FCF-0D14-4852-8C3D-CBB9C143081C}.Release|Any CPU.Build.0 = Release|Any CPU
		{BB44ED9B-4C13-4255-B995-75557E9213E2}.Debug|Any CPU.ActiveCfg = Debug|Any CPU
		{BB44ED9B-4C13-4255-B995-75557E9213E2}.Debug|Any CPU.Build.0 = Debug|Any CPU
		{BB44ED9B-4C13-4255-B995-75557E9213E2}.Release|Any CPU.ActiveCfg = Release|Any CPU
		{BB44ED9B-4C13-4255-B995-75557E9213E2}.Release|Any CPU.Build.0 = Release|Any CPU
		{FC9DD88E-813D-4968-AA35-90A74AAA3DBC}.Debug|Any CPU.ActiveCfg = Debug|Any CPU
		{FC9DD88E-813D-4968-AA35-90A74AAA3DBC}.Debug|Any CPU.Build.0 = Debug|Any CPU
		{FC9DD88E-813D-4968-AA35-90A74AAA3DBC}.Release|Any CPU.ActiveCfg = Release|Any CPU
		{FC9DD88E-813D-4968-AA35-90A74AAA3DBC}.Release|Any CPU.Build.0 = Release|Any CPU
		{DCBC3146-2E4F-4C1D-9F4B-6462628B5D8D}.Debug|Any CPU.ActiveCfg = Debug|Any CPU
		{DCBC3146-2E4F-4C1D-9F4B-6462628B5D8D}.Debug|Any CPU.Build.0 = Debug|Any CPU
		{DCBC3146-2E4F-4C1D-9F4B-6462628B5D8D}.Release|Any CPU.ActiveCfg = Release|Any CPU
		{DCBC3146-2E4F-4C1D-9F4B-6462628B5D8D}.Release|Any CPU.Build.0 = Release|Any CPU
		{3523A740-0607-4FB4-AF79-BEF3FC592193}.Debug|Any CPU.ActiveCfg = Debug|Any CPU
		{3523A740-0607-4FB4-AF79-BEF3FC592193}.Debug|Any CPU.Build.0 = Debug|Any CPU
		{3523A740-0607-4FB4-AF79-BEF3FC592193}.Release|Any CPU.ActiveCfg = Release|Any CPU
		{3523A740-0607-4FB4-AF79-BEF3FC592193}.Release|Any CPU.Build.0 = Release|Any CPU
		{09EC46A7-912E-490D-BDC5-6507173C3A0C}.Debug|Any CPU.ActiveCfg = Debug|Any CPU
		{09EC46A7-912E-490D-BDC5-6507173C3A0C}.Debug|Any CPU.Build.0 = Debug|Any CPU
		{09EC46A7-912E-490D-BDC5-6507173C3A0C}.Release|Any CPU.ActiveCfg = Release|Any CPU
		{09EC46A7-912E-490D-BDC5-6507173C3A0C}.Release|Any CPU.Build.0 = Release|Any CPU
		{51D7C0E2-E4D3-408D-9F0A-9C34F0AA3654}.Debug|Any CPU.ActiveCfg = Debug|Any CPU
		{51D7C0E2-E4D3-408D-9F0A-9C34F0AA3654}.Debug|Any CPU.Build.0 = Debug|Any CPU
		{51D7C0E2-E4D3-408D-9F0A-9C34F0AA3654}.Release|Any CPU.ActiveCfg = Release|Any CPU
		{51D7C0E2-E4D3-408D-9F0A-9C34F0AA3654}.Release|Any CPU.Build.0 = Release|Any CPU
		{B8B1E736-DA55-49BD-B3DB-20E60C805302}.Debug|Any CPU.ActiveCfg = Debug|Any CPU
		{B8B1E736-DA55-49BD-B3DB-20E60C805302}.Debug|Any CPU.Build.0 = Debug|Any CPU
		{B8B1E736-DA55-49BD-B3DB-20E60C805302}.Release|Any CPU.ActiveCfg = Release|Any CPU
		{B8B1E736-DA55-49BD-B3DB-20E60C805302}.Release|Any CPU.Build.0 = Release|Any CPU
		{0A642F13-DEDA-4E2C-8CF3-4AC188CD081D}.Debug|Any CPU.ActiveCfg = Debug|Any CPU
		{0A642F13-DEDA-4E2C-8CF3-4AC188CD081D}.Debug|Any CPU.Build.0 = Debug|Any CPU
		{0A642F13-DEDA-4E2C-8CF3-4AC188CD081D}.Release|Any CPU.ActiveCfg = Release|Any CPU
		{0A642F13-DEDA-4E2C-8CF3-4AC188CD081D}.Release|Any CPU.Build.0 = Release|Any CPU
		{40B8759D-66E0-41CC-A8F7-2D3C61ED000D}.Debug|Any CPU.ActiveCfg = Debug|Any CPU
		{40B8759D-66E0-41CC-A8F7-2D3C61ED000D}.Debug|Any CPU.Build.0 = Debug|Any CPU
		{40B8759D-66E0-41CC-A8F7-2D3C61ED000D}.Release|Any CPU.ActiveCfg = Release|Any CPU
		{40B8759D-66E0-41CC-A8F7-2D3C61ED000D}.Release|Any CPU.Build.0 = Release|Any CPU
		{7FEF6D79-DE5A-41F0-8D8A-6FBB1B9F58A5}.Debug|Any CPU.ActiveCfg = Debug|Any CPU
		{7FEF6D79-DE5A-41F0-8D8A-6FBB1B9F58A5}.Debug|Any CPU.Build.0 = Debug|Any CPU
		{7FEF6D79-DE5A-41F0-8D8A-6FBB1B9F58A5}.Release|Any CPU.ActiveCfg = Release|Any CPU
		{7FEF6D79-DE5A-41F0-8D8A-6FBB1B9F58A5}.Release|Any CPU.Build.0 = Release|Any CPU
		{0DDCE921-2C91-41BA-955A-0F16FF2319E7}.Debug|Any CPU.ActiveCfg = Debug|Any CPU
		{0DDCE921-2C91-41BA-955A-0F16FF2319E7}.Debug|Any CPU.Build.0 = Debug|Any CPU
		{0DDCE921-2C91-41BA-955A-0F16FF2319E7}.Release|Any CPU.ActiveCfg = Release|Any CPU
		{0DDCE921-2C91-41BA-955A-0F16FF2319E7}.Release|Any CPU.Build.0 = Release|Any CPU
		{0BF8944C-69FA-4E39-A689-39657D83DD95}.Debug|Any CPU.ActiveCfg = Debug|Any CPU
		{0BF8944C-69FA-4E39-A689-39657D83DD95}.Debug|Any CPU.Build.0 = Debug|Any CPU
		{0BF8944C-69FA-4E39-A689-39657D83DD95}.Release|Any CPU.ActiveCfg = Release|Any CPU
		{0BF8944C-69FA-4E39-A689-39657D83DD95}.Release|Any CPU.Build.0 = Release|Any CPU
		{2D8F98F7-3FC8-4ED5-A60F-4CECFBECF436}.Debug|Any CPU.ActiveCfg = Debug|Any CPU
		{2D8F98F7-3FC8-4ED5-A60F-4CECFBECF436}.Debug|Any CPU.Build.0 = Debug|Any CPU
		{2D8F98F7-3FC8-4ED5-A60F-4CECFBECF436}.Release|Any CPU.ActiveCfg = Release|Any CPU
		{2D8F98F7-3FC8-4ED5-A60F-4CECFBECF436}.Release|Any CPU.Build.0 = Release|Any CPU
	EndGlobalSection
	GlobalSection(SolutionProperties) = preSolution
		HideSolutionNode = FALSE
	EndGlobalSection
	GlobalSection(NestedProjects) = preSolution
		{3523A740-0607-4FB4-AF79-BEF3FC592193} = {92141009-739B-4CD1-B5F4-2ACF5A761E5E}
		{51D7C0E2-E4D3-408D-9F0A-9C34F0AA3654} = {92141009-739B-4CD1-B5F4-2ACF5A761E5E}
		{B8B1E736-DA55-49BD-B3DB-20E60C805302} = {92141009-739B-4CD1-B5F4-2ACF5A761E5E}
		{0BF8944C-69FA-4E39-A689-39657D83DD95} = {43B27A14-B1BC-4F4A-8E1F-8C34C3AF8C57}
		{2D8F98F7-3FC8-4ED5-A60F-4CECFBECF436} = {43B27A14-B1BC-4F4A-8E1F-8C34C3AF8C57}
	EndGlobalSection
	GlobalSection(ExtensibilityGlobals) = postSolution
		SolutionGuid = {17077534-6DF0-4A39-B0D6-8E429BC7CC4E}
	EndGlobalSection
EndGlobal
