
Microsoft Visual Studio Solution File, Format Version 12.00
# Visual Studio Version 16
VisualStudioVersion = 16.0.30114.105
MinimumVisualStudioVersion = 10.0.40219.1
Project("{9A19103F-16F7-4668-BE54-9A1E7A4F7556}") = "xLiAd.DiagnosticLogCenter", "xLiAd.DiagnosticLogCenter\xLiAd.DiagnosticLogCenter.csproj", "{BA5A0FCF-0D14-4852-8C3D-CBB9C143081C}"
EndProject
Project("{9A19103F-16F7-4668-BE54-9A1E7A4F7556}") = "xLiAd.DiagnosticLogCenter.Agent", "xLiAd.DiagnosticLogCenter.Agent\xLiAd.DiagnosticLogCenter.Agent.csproj", "{BB44ED9B-4C13-4255-B995-75557E9213E2}"
EndProject
Project("{9A19103F-16F7-4668-BE54-9A1E7A4F7556}") = "xLiAd.DiagnosticLogCenter.Abstract", "xLiAd.DiagnosticLogCenter.Abstract\xLiAd.DiagnosticLogCenter.Abstract.csproj", "{FC9DD88E-813D-4968-AA35-90A74AAA3DBC}"
EndProject
Project("{FAE04EC0-301F-11D3-BF4B-00C04F79EFBC}") = "xLiAd.DiagnosticLogCenter.CollectServer", "xLiAd.DiagnosticLogCenter.CollectServer\xLiAd.DiagnosticLogCenter.CollectServer.csproj", "{DCBC3146-2E4F-4C1D-9F4B-6462628B5D8D}"
EndProject
Global
	GlobalSection(SolutionConfigurationPlatforms) = preSolution
		Debug|Any CPU = Debug|Any CPU
		Release|Any CPU = Release|Any CPU
	EndGlobalSection
	GlobalSection(ProjectConfigurationPlatforms) = postSolution
		{BA5A0FCF-0D14-4852-8C3D-CBB9C143081C}.Debug|Any CPU.ActiveCfg = Debug|Any CPU
		{BA5A0FCF-0D14-4852-8C3D-CBB9C143081C}.Debug|Any CPU.Build.0 = Debug|Any CPU
		{BA5A0FCF-0D14-4852-8C3D-CBB9C143081C}.Release|Any CPU.ActiveCfg = Release|Any CPU
		{BA5A0FCF-0D14-4852-8C3D-CBB9C143081C}.Release|Any CPU.Build.0 = Release|Any CPU
		{BB44ED9B-4C13-4255-B995-75557E9213E2}.Debug|Any CPU.ActiveCfg = Debug|Any CPU
		{BB44ED9B-4C13-4255-B995-75557E9213E2}.Debug|Any CPU.Build.0 = Debug|Any CPU
		{BB44ED9B-4C13-4255-B995-75557E9213E2}.Release|Any CPU.ActiveCfg = Release|Any CPU
		{BB44ED9B-4C13-4255-B995-75557E9213E2}.Release|Any CPU.Build.0 = Release|Any CPU
		{FC9DD88E-813D-4968-AA35-90A74AAA3DBC}.Debug|Any CPU.ActiveCfg = Debug|Any CPU
		{FC9DD88E-813D-4968-AA35-90A74AAA3DBC}.Debug|Any CPU.Build.0 = Debug|Any CPU
		{FC9DD88E-813D-4968-AA35-90A74AAA3DBC}.Release|Any CPU.ActiveCfg = Release|Any CPU
		{FC9DD88E-813D-4968-AA35-90A74AAA3DBC}.Release|Any CPU.Build.0 = Release|Any CPU
		{DCBC3146-2E4F-4C1D-9F4B-6462628B5D8D}.Debug|Any CPU.ActiveCfg = Debug|Any CPU
		{DCBC3146-2E4F-4C1D-9F4B-6462628B5D8D}.Debug|Any CPU.Build.0 = Debug|Any CPU
		{DCBC3146-2E4F-4C1D-9F4B-6462628B5D8D}.Release|Any CPU.ActiveCfg = Release|Any CPU
		{DCBC3146-2E4F-4C1D-9F4B-6462628B5D8D}.Release|Any CPU.Build.0 = Release|Any CPU
	EndGlobalSection
	GlobalSection(SolutionProperties) = preSolution
		HideSolutionNode = FALSE
	EndGlobalSection
	GlobalSection(ExtensibilityGlobals) = postSolution
		SolutionGuid = {17077534-6DF0-4A39-B0D6-8E429BC7CC4E}
	EndGlobalSection
EndGlobal
